
Microsoft Visual Studio Solution File, Format Version 12.00
# Visual Studio Version 17
VisualStudioVersion = 17.5.33414.496
MinimumVisualStudioVersion = 10.0.40219.1
Project("{888888A0-9F3D-457C-B088-3A5042F75D52}") = "CourseProjectPhase2", "CourseProjectPhase2.pyproj", "{3BF73D38-F48B-4CE5-B266-2FF840797C8C}"
EndProject
Global
	GlobalSection(SolutionConfigurationPlatforms) = preSolution
		Debug|Any CPU = Debug|Any CPU
		Release|Any CPU = Release|Any CPU
	EndGlobalSection
	GlobalSection(ProjectConfigurationPlatforms) = postSolution
		{3BF73D38-F48B-4CE5-B266-2FF840797C8C}.Debug|Any CPU.ActiveCfg = Debug|Any CPU
		{3BF73D38-F48B-4CE5-B266-2FF840797C8C}.Release|Any CPU.ActiveCfg = Release|Any CPU
	EndGlobalSection
	GlobalSection(SolutionProperties) = preSolution
		HideSolutionNode = FALSE
	EndGlobalSection
	GlobalSection(ExtensibilityGlobals) = postSolution
		SolutionGuid = {05F7C7D3-B432-4632-82A9-E670E9B6ECC2}
	EndGlobalSection
EndGlobal
